
Microsoft Visual Studio Solution File, Format Version 12.00
# Visual Studio Version 16
VisualStudioVersion = 16.0.808.1
MinimumVisualStudioVersion = 10.0.40219.1
Project("{FAE04EC0-301F-11D3-BF4B-00C04F79EFBC}") = "WikiPedia", "WikiPedia.csproj", "{8153D107-112D-403B-8C7A-1DAF6BC95CFC}"
EndProject
Global
	GlobalSection(SolutionConfigurationPlatforms) = preSolution
		Debug|Any CPU = Debug|Any CPU
		Release|Any CPU = Release|Any CPU
	EndGlobalSection
	GlobalSection(ProjectConfigurationPlatforms) = postSolution
		{8153D107-112D-403B-8C7A-1DAF6BC95CFC}.Debug|Any CPU.ActiveCfg = Debug|Any CPU
		{8153D107-112D-403B-8C7A-1DAF6BC95CFC}.Debug|Any CPU.Build.0 = Debug|Any CPU
		{8153D107-112D-403B-8C7A-1DAF6BC95CFC}.Release|Any CPU.ActiveCfg = Release|Any CPU
		{8153D107-112D-403B-8C7A-1DAF6BC95CFC}.Release|Any CPU.Build.0 = Release|Any CPU
	EndGlobalSection
	GlobalSection(SolutionProperties) = preSolution
		HideSolutionNode = FALSE
	EndGlobalSection
	GlobalSection(ExtensibilityGlobals) = postSolution
		SolutionGuid = {861B51B3-B913-4BCF-8903-899D445D7222}
	EndGlobalSection
EndGlobal
